
Microsoft Visual Studio Solution File, Format Version 12.00
# Visual Studio Version 17
VisualStudioVersion = 17.4.33213.308
MinimumVisualStudioVersion = 10.0.40219.1
Project("{9A19103F-16F7-4668-BE54-9A1E7A4F7556}") = "restfulapi", "restfulapi\restfulapi.csproj", "{BAD26CB9-2758-46FF-BDD1-A7FD43E5EA2F}"
EndProject
Project("{9A19103F-16F7-4668-BE54-9A1E7A4F7556}") = "Entities", "Entities\Entities.csproj", "{5FE13CD4-B05E-4D66-8DDC-898D2AAD6BE6}"
EndProject
Project("{9A19103F-16F7-4668-BE54-9A1E7A4F7556}") = "Business", "Business\Business.csproj", "{AA94A112-94CE-4768-B76D-C71440005FF5}"
EndProject
Project("{9A19103F-16F7-4668-BE54-9A1E7A4F7556}") = "DataAccess", "DataAccess\DataAccess.csproj", "{1AED723E-5D0C-4215-B850-E7E3F12E3E0C}"
EndProject
Project("{FAE04EC0-301F-11D3-BF4B-00C04F79EFBC}") = "Core", "Core\Core.csproj", "{9D633AC6-DD00-407A-9141-EA5596213B7F}"
EndProject
Global
	GlobalSection(SolutionConfigurationPlatforms) = preSolution
		Debug|Any CPU = Debug|Any CPU
		Release|Any CPU = Release|Any CPU
	EndGlobalSection
	GlobalSection(ProjectConfigurationPlatforms) = postSolution
		{BAD26CB9-2758-46FF-BDD1-A7FD43E5EA2F}.Debug|Any CPU.ActiveCfg = Debug|Any CPU
		{BAD26CB9-2758-46FF-BDD1-A7FD43E5EA2F}.Debug|Any CPU.Build.0 = Debug|Any CPU
		{BAD26CB9-2758-46FF-BDD1-A7FD43E5EA2F}.Release|Any CPU.ActiveCfg = Release|Any CPU
		{BAD26CB9-2758-46FF-BDD1-A7FD43E5EA2F}.Release|Any CPU.Build.0 = Release|Any CPU
		{5FE13CD4-B05E-4D66-8DDC-898D2AAD6BE6}.Debug|Any CPU.ActiveCfg = Debug|Any CPU
		{5FE13CD4-B05E-4D66-8DDC-898D2AAD6BE6}.Debug|Any CPU.Build.0 = Debug|Any CPU
		{5FE13CD4-B05E-4D66-8DDC-898D2AAD6BE6}.Release|Any CPU.ActiveCfg = Release|Any CPU
		{5FE13CD4-B05E-4D66-8DDC-898D2AAD6BE6}.Release|Any CPU.Build.0 = Release|Any CPU
		{AA94A112-94CE-4768-B76D-C71440005FF5}.Debug|Any CPU.ActiveCfg = Debug|Any CPU
		{AA94A112-94CE-4768-B76D-C71440005FF5}.Debug|Any CPU.Build.0 = Debug|Any CPU
		{AA94A112-94CE-4768-B76D-C71440005FF5}.Release|Any CPU.ActiveCfg = Release|Any CPU
		{AA94A112-94CE-4768-B76D-C71440005FF5}.Release|Any CPU.Build.0 = Release|Any CPU
		{1AED723E-5D0C-4215-B850-E7E3F12E3E0C}.Debug|Any CPU.ActiveCfg = Debug|Any CPU
		{1AED723E-5D0C-4215-B850-E7E3F12E3E0C}.Debug|Any CPU.Build.0 = Debug|Any CPU
		{1AED723E-5D0C-4215-B850-E7E3F12E3E0C}.Release|Any CPU.ActiveCfg = Release|Any CPU
		{1AED723E-5D0C-4215-B850-E7E3F12E3E0C}.Release|Any CPU.Build.0 = Release|Any CPU
		{9D633AC6-DD00-407A-9141-EA5596213B7F}.Debug|Any CPU.ActiveCfg = Debug|Any CPU
		{9D633AC6-DD00-407A-9141-EA5596213B7F}.Debug|Any CPU.Build.0 = Debug|Any CPU
		{9D633AC6-DD00-407A-9141-EA5596213B7F}.Release|Any CPU.ActiveCfg = Release|Any CPU
		{9D633AC6-DD00-407A-9141-EA5596213B7F}.Release|Any CPU.Build.0 = Release|Any CPU
	EndGlobalSection
	GlobalSection(SolutionProperties) = preSolution
		HideSolutionNode = FALSE
	EndGlobalSection
	GlobalSection(ExtensibilityGlobals) = postSolution
		SolutionGuid = {78B14B26-3A31-4677-870A-4C964BAD8297}
	EndGlobalSection
EndGlobal
